
Microsoft Visual Studio Solution File, Format Version 12.00
Project("{FAE04EC0-301F-11D3-BF4B-00C04F79EFBC}") = "MasstransitHangfireLogs.Host", "src\MasstransitHangfireLogs.Host\MasstransitHangfireLogs.Host.csproj", "{B0170D01-AB74-4E62-BF04-B3BC306F326A}"
EndProject
Global
	GlobalSection(SolutionConfigurationPlatforms) = preSolution
		Debug|Any CPU = Debug|Any CPU
		Release|Any CPU = Release|Any CPU
	EndGlobalSection
	GlobalSection(ProjectConfigurationPlatforms) = postSolution
		{B0170D01-AB74-4E62-BF04-B3BC306F326A}.Debug|Any CPU.ActiveCfg = Debug|Any CPU
		{B0170D01-AB74-4E62-BF04-B3BC306F326A}.Debug|Any CPU.Build.0 = Debug|Any CPU
		{B0170D01-AB74-4E62-BF04-B3BC306F326A}.Release|Any CPU.ActiveCfg = Release|Any CPU
		{B0170D01-AB74-4E62-BF04-B3BC306F326A}.Release|Any CPU.Build.0 = Release|Any CPU
	EndGlobalSection
	GlobalSection(NestedProjects) = preSolution
	EndGlobalSection
EndGlobal
